
Microsoft Visual Studio Solution File, Format Version 12.00
# Visual Studio Version 16
VisualStudioVersion = 16.0.31205.134
MinimumVisualStudioVersion = 10.0.40219.1
Project("{FAE04EC0-301F-11D3-BF4B-00C04F79EFBC}") = "DockerDemoApp", "DockerDemoApp.csproj", "{764AC6AD-D701-4426-AC0E-4B27671A1B51}"
EndProject
Global
	GlobalSection(SolutionConfigurationPlatforms) = preSolution
		Debug|Any CPU = Debug|Any CPU
		Release|Any CPU = Release|Any CPU
	EndGlobalSection
	GlobalSection(ProjectConfigurationPlatforms) = postSolution
		{764AC6AD-D701-4426-AC0E-4B27671A1B51}.Debug|Any CPU.ActiveCfg = Debug|Any CPU
		{764AC6AD-D701-4426-AC0E-4B27671A1B51}.Debug|Any CPU.Build.0 = Debug|Any CPU
		{764AC6AD-D701-4426-AC0E-4B27671A1B51}.Release|Any CPU.ActiveCfg = Release|Any CPU
		{764AC6AD-D701-4426-AC0E-4B27671A1B51}.Release|Any CPU.Build.0 = Release|Any CPU
	EndGlobalSection
	GlobalSection(SolutionProperties) = preSolution
		HideSolutionNode = FALSE
	EndGlobalSection
	GlobalSection(ExtensibilityGlobals) = postSolution
		SolutionGuid = {D5E5FFFA-9B78-4656-9CAF-83ACA831D844}
	EndGlobalSection
EndGlobal
